
Microsoft Visual Studio Solution File, Format Version 12.00
# Visual Studio 15
VisualStudioVersion = 15.0.27428.2037
MinimumVisualStudioVersion = 10.0.40219.1
Project("{FAE04EC0-301F-11D3-BF4B-00C04F79EFBC}") = "vidly", "vidly\vidly.csproj", "{6711E55D-C137-4AEF-BDFD-77C817F3CA81}"
EndProject
Global
	GlobalSection(SolutionConfigurationPlatforms) = preSolution
		Debug|Any CPU = Debug|Any CPU
		Release|Any CPU = Release|Any CPU
	EndGlobalSection
	GlobalSection(ProjectConfigurationPlatforms) = postSolution
		{6711E55D-C137-4AEF-BDFD-77C817F3CA81}.Debug|Any CPU.ActiveCfg = Debug|Any CPU
		{6711E55D-C137-4AEF-BDFD-77C817F3CA81}.Debug|Any CPU.Build.0 = Debug|Any CPU
		{6711E55D-C137-4AEF-BDFD-77C817F3CA81}.Release|Any CPU.ActiveCfg = Release|Any CPU
		{6711E55D-C137-4AEF-BDFD-77C817F3CA81}.Release|Any CPU.Build.0 = Release|Any CPU
	EndGlobalSection
	GlobalSection(SolutionProperties) = preSolution
		HideSolutionNode = FALSE
	EndGlobalSection
	GlobalSection(ExtensibilityGlobals) = postSolution
		SolutionGuid = {239F419F-44CC-46AF-A049-422347B2AC7E}
	EndGlobalSection
EndGlobal
